<?xml version="1.0" encoding="utf-8"?>
<Project ToolsVersion="4.0" xmlns="http://schemas.microsoft.com/developer/msbuild/2003">
  <ItemGroup>
    <Filter Include="Source Files">
      <UniqueIdentifier>{4FC737F1-C7A5-4376-A066-2A32D752A2FF}</UniqueIdentifier>
      <Extensions>cpp;c;cc;cxx;def;odl;idl;hpj;bat;asm;asmx</Extensions>
    </Filter>
    <Filter Include="Resource Files">
      <UniqueIdentifier>{67DA6AB6-F800-4c08-8B7A-83BB121AAD01}</UniqueIdentifier>
      <Extensions>rc;ico;cur;bmp;dlg;rc2;rct;bin;rgs;gif;jpg;jpeg;jpe;resx;tiff;tif;png;wav;mfcribbon-ms</Extensions>
    </Filter>
    <Filter Include="PCH">
      <UniqueIdentifier>{0fd397e1-7d9d-4353-a7c4-1b04eb8441cc}</UniqueIdentifier>
    </Filter>
    <Filter Include="GUI">
      <UniqueIdentifier>{d2c2b997-3231-42e9-9ed0-8c7270ec6f2b}</UniqueIdentifier>
    </Filter>
    <Filter Include="UsedIDL">
      <UniqueIdentifier>{c4898786-d6fe-4fca-b4ad-4426a7c86c03}</UniqueIdentifier>
    </Filter>
  </ItemGroup>
  <ItemGroup>
    <ClInclude Include="pch.h">
      <Filter>PCH</Filter>
    </ClInclude>
    <ClInclude Include="priv.h">
      <Filter>Source Files</Filter>
    </ClInclude>
    <ClInclude Include="reparse.h">
      <Filter>Source Files</Filter>
    </ClInclude>
    <ClInclude Include="com.h">
      <Filter>Source Files</Filter>
    </ClInclude>
    <ClInclude Include="explore.h">
      <Filter>Source Files</Filter>
    </ClInclude>
  </ItemGroup>
  <ItemGroup>
    <ClCompile Include="main.cpp">
      <Filter>Source Files</Filter>
    </ClCompile>
    <ClCompile Include="priv.cpp">
      <Filter>Source Files</Filter>
    </ClCompile>
    <ClCompile Include="reparse.cpp">
      <Filter>Source Files</Filter>
    </ClCompile>
    <ClCompile Include="pch.cpp">
      <Filter>PCH</Filter>
    </ClCompile>
    <ClCompile Include="_idl.cpp">
      <Filter>UsedIDL</Filter>
    </ClCompile>
    <ClCompile Include="explore.cpp">
      <Filter>Source Files</Filter>
    </ClCompile>
  </ItemGroup>
  <ItemGroup>
    <None Include="PropertySheet.props" />
    <None Include="packages.config" />
    <None Include="vcpkg.json" />
  </ItemGroup>
  <ItemGroup>
    <Midl Include="IVirtualDesktop.idl">
      <Filter>UsedIDL</Filter>
    </Midl>
  </ItemGroup>
</Project>